
Microsoft Visual Studio Solution File, Format Version 12.00
# Visual Studio Version 17
VisualStudioVersion = 17.13.35825.156 d17.13
MinimumVisualStudioVersion = 10.0.40219.1
Project("{FAE04EC0-301F-11D3-BF4B-00C04F79EFBC}") = "Bank", "Bank\Bank.csproj", "{60AC074C-7CA9-4EBB-9DBB-35DA4D1D989F}"
EndProject
Project("{FAE04EC0-301F-11D3-BF4B-00C04F79EFBC}") = "Bank.test", "Bank.test\Bank.test.csproj", "{8B25607D-599C-404A-9E61-F513F93B447E}"
EndProject
Global
	GlobalSection(SolutionConfigurationPlatforms) = preSolution
		Debug|Any CPU = Debug|Any CPU
		Release|Any CPU = Release|Any CPU
	EndGlobalSection
	GlobalSection(ProjectConfigurationPlatforms) = postSolution
		{60AC074C-7CA9-4EBB-9DBB-35DA4D1D989F}.Debug|Any CPU.ActiveCfg = Debug|Any CPU
		{60AC074C-7CA9-4EBB-9DBB-35DA4D1D989F}.Debug|Any CPU.Build.0 = Debug|Any CPU
		{60AC074C-7CA9-4EBB-9DBB-35DA4D1D989F}.Release|Any CPU.ActiveCfg = Release|Any CPU
		{60AC074C-7CA9-4EBB-9DBB-35DA4D1D989F}.Release|Any CPU.Build.0 = Release|Any CPU
		{8B25607D-599C-404A-9E61-F513F93B447E}.Debug|Any CPU.ActiveCfg = Debug|Any CPU
		{8B25607D-599C-404A-9E61-F513F93B447E}.Debug|Any CPU.Build.0 = Debug|Any CPU
		{8B25607D-599C-404A-9E61-F513F93B447E}.Release|Any CPU.ActiveCfg = Release|Any CPU
		{8B25607D-599C-404A-9E61-F513F93B447E}.Release|Any CPU.Build.0 = Release|Any CPU
	EndGlobalSection
	GlobalSection(SolutionProperties) = preSolution
		HideSolutionNode = FALSE
	EndGlobalSection
	GlobalSection(ExtensibilityGlobals) = postSolution
		SolutionGuid = {C7B67885-E3D6-4250-AA45-29A65E329337}
	EndGlobalSection
EndGlobal
